Microsoft Visual Studio Solution File, Format Version 12.00
# Visual Studio 14
VisualStudioVersion = 14.0.24720.0
MinimumVisualStudioVersion = 10.0.40219.1
Project("{2150E333-8FDC-42A3-9474-1A3956D46DE8}") = "stuff", "stuff", "{D6C5120D-809A-41A0-9B0C-4149C88C56E1}"
	ProjectSection(SolutionItems) = preProject
		CHANGELOG.md = CHANGELOG.md
		LICENSE.md = LICENSE.md
		README.md = README.md
	EndProjectSection
EndProject
Project("{2150E333-8FDC-42A3-9474-1A3956D46DE8}") = "scripts", "scripts", "{BB6EFF8C-E12C-4B6A-AB53-6BFEE4A5CC86}"
	ProjectSection(SolutionItems) = preProject
		scripts\build.cmd = scripts\build.cmd
	EndProjectSection
EndProject
Project("{FAE04EC0-301F-11D3-BF4B-00C04F79EFBC}") = "Spinnerino", "Spinnerino\Spinnerino.csproj", "{31D79594-FA9B-48AC-942A-538965DE8BD6}"
EndProject
Project("{2150E333-8FDC-42A3-9474-1A3956D46DE8}") = "demos", "demos", "{72ED8B76-47F8-4F46-AE34-67018C69467D}"
EndProject
Project("{FAE04EC0-301F-11D3-BF4B-00C04F79EFBC}") = "Spinner.Demo", "Spinner.Demo\Spinner.Demo.csproj", "{FBC5626B-0B04-4367-88C7-B6133D89983F}"
EndProject
Project("{FAE04EC0-301F-11D3-BF4B-00C04F79EFBC}") = "ProgressBar.Demo", "ProgressBar.Demo\ProgressBar.Demo.csproj", "{B74D55FC-C519-445A-AF40-F6A7EDC92E04}"
EndProject
Project("{FAE04EC0-301F-11D3-BF4B-00C04F79EFBC}") = "InlineProgressBar.Demo", "InlineProgressBar.Demo\InlineProgressBar.Demo.csproj", "{EB104BF4-D218-4EFA-ABBC-42DD2BB934DB}"
EndProject
Global
	GlobalSection(SolutionConfigurationPlatforms) = preSolution
		Debug|Any CPU = Debug|Any CPU
		Release|Any CPU = Release|Any CPU
	EndGlobalSection
	GlobalSection(ProjectConfigurationPlatforms) = postSolution
		{31D79594-FA9B-48AC-942A-538965DE8BD6}.Debug|Any CPU.ActiveCfg = Debug|Any CPU
		{31D79594-FA9B-48AC-942A-538965DE8BD6}.Debug|Any CPU.Build.0 = Debug|Any CPU
		{31D79594-FA9B-48AC-942A-538965DE8BD6}.Release|Any CPU.ActiveCfg = Release|Any CPU
		{31D79594-FA9B-48AC-942A-538965DE8BD6}.Release|Any CPU.Build.0 = Release|Any CPU
		{FBC5626B-0B04-4367-88C7-B6133D89983F}.Debug|Any CPU.ActiveCfg = Debug|Any CPU
		{FBC5626B-0B04-4367-88C7-B6133D89983F}.Debug|Any CPU.Build.0 = Debug|Any CPU
		{FBC5626B-0B04-4367-88C7-B6133D89983F}.Release|Any CPU.ActiveCfg = Release|Any CPU
		{FBC5626B-0B04-4367-88C7-B6133D89983F}.Release|Any CPU.Build.0 = Release|Any CPU
		{B74D55FC-C519-445A-AF40-F6A7EDC92E04}.Debug|Any CPU.ActiveCfg = Debug|Any CPU
		{B74D55FC-C519-445A-AF40-F6A7EDC92E04}.Debug|Any CPU.Build.0 = Debug|Any CPU
		{B74D55FC-C519-445A-AF40-F6A7EDC92E04}.Release|Any CPU.ActiveCfg = Release|Any CPU
		{B74D55FC-C519-445A-AF40-F6A7EDC92E04}.Release|Any CPU.Build.0 = Release|Any CPU
		{EB104BF4-D218-4EFA-ABBC-42DD2BB934DB}.Debug|Any CPU.ActiveCfg = Debug|Any CPU
		{EB104BF4-D218-4EFA-ABBC-42DD2BB934DB}.Debug|Any CPU.Build.0 = Debug|Any CPU
		{EB104BF4-D218-4EFA-ABBC-42DD2BB934DB}.Release|Any CPU.ActiveCfg = Release|Any CPU
		{EB104BF4-D218-4EFA-ABBC-42DD2BB934DB}.Release|Any CPU.Build.0 = Release|Any CPU
	EndGlobalSection
	GlobalSection(SolutionProperties) = preSolution
		HideSolutionNode = FALSE
	EndGlobalSection
	GlobalSection(NestedProjects) = preSolution
		{FBC5626B-0B04-4367-88C7-B6133D89983F} = {72ED8B76-47F8-4F46-AE34-67018C69467D}
		{B74D55FC-C519-445A-AF40-F6A7EDC92E04} = {72ED8B76-47F8-4F46-AE34-67018C69467D}
		{EB104BF4-D218-4EFA-ABBC-42DD2BB934DB} = {72ED8B76-47F8-4F46-AE34-67018C69467D}
	EndGlobalSection
EndGlobal
